{
  "nodes": {
    "nixpkgs": {
      "locked": {
        "lastModified": 1710631334,
        "narHash": "sha256-rL5LSYd85kplL5othxK5lmAtjyMOBg390sGBTb3LRMM=",
        "path": "/nix/store/7ay2dd0w41iqvrnkx19v4vf4f5kkxvc2-source",
        "rev": "c75037bbf9093a2acb617804ee46320d6d1fea5a",
        "type": "path"
      },
      "original": {
        "id": "nixpkgs",
        "type": "indirect"
      }
    },
    "root": {
      "inputs": {
        "nixpkgs": "nixpkgs"
      }
    }
  },
  "root": "root",
  "version": 7
}
